
Microsoft Visual Studio Solution File, Format Version 12.00
# Visual Studio 15
VisualStudioVersion = 15.0.26730.15
MinimumVisualStudioVersion = 10.0.40219.1
Project("{FAE04EC0-301F-11D3-BF4B-00C04F79EFBC}") = "CascadeCalculationsLibrary", "CascadeCalculationsLibrary\CascadeCalculationsLibrary.csproj", "{4D8896C4-268E-4D0E-8DB1-636F6C809FEB}"
EndProject
Project("{FAE04EC0-301F-11D3-BF4B-00C04F79EFBC}") = "CascadeCalculationsApp", "CascadeCalculationsApp\CascadeCalculationsApp.csproj", "{0A315E6D-BBF2-47E1-B441-B104A4720686}"
EndProject
Global
	GlobalSection(SolutionConfigurationPlatforms) = preSolution
		Debug|Any CPU = Debug|Any CPU
		Release|Any CPU = Release|Any CPU
	EndGlobalSection
	GlobalSection(ProjectConfigurationPlatforms) = postSolution
		{4D8896C4-268E-4D0E-8DB1-636F6C809FEB}.Debug|Any CPU.ActiveCfg = Debug|Any CPU
		{4D8896C4-268E-4D0E-8DB1-636F6C809FEB}.Debug|Any CPU.Build.0 = Debug|Any CPU
		{4D8896C4-268E-4D0E-8DB1-636F6C809FEB}.Release|Any CPU.ActiveCfg = Release|Any CPU
		{4D8896C4-268E-4D0E-8DB1-636F6C809FEB}.Release|Any CPU.Build.0 = Release|Any CPU
		{0A315E6D-BBF2-47E1-B441-B104A4720686}.Debug|Any CPU.ActiveCfg = Debug|Any CPU
		{0A315E6D-BBF2-47E1-B441-B104A4720686}.Debug|Any CPU.Build.0 = Debug|Any CPU
		{0A315E6D-BBF2-47E1-B441-B104A4720686}.Release|Any CPU.ActiveCfg = Release|Any CPU
		{0A315E6D-BBF2-47E1-B441-B104A4720686}.Release|Any CPU.Build.0 = Release|Any CPU
	EndGlobalSection
	GlobalSection(SolutionProperties) = preSolution
		HideSolutionNode = FALSE
	EndGlobalSection
	GlobalSection(ExtensibilityGlobals) = postSolution
		SolutionGuid = {5723A3AC-E8B2-4B8D-BEF2-782AE3B8C02A}
	EndGlobalSection
EndGlobal
