
Microsoft Visual Studio Solution File, Format Version 12.00
# Visual Studio 15
VisualStudioVersion = 15.0.26730.15
MinimumVisualStudioVersion = 10.0.40219.1
Project("{FAE04EC0-301F-11D3-BF4B-00C04F79EFBC}") = "ClassLibrary1", "ClassLibrary1\ClassLibrary1.csproj", "{0235CD9F-9AD4-4C14-84E2-BB99535BCBC0}"
EndProject
Project("{FAE04EC0-301F-11D3-BF4B-00C04F79EFBC}") = "ConsoleApp1", "ConsoleApp1\ConsoleApp1.csproj", "{DE0E5A74-AF29-4407-83EF-B2777331C615}"
EndProject
Project("{FAE04EC0-301F-11D3-BF4B-00C04F79EFBC}") = "UnitTestProject1", "UnitTestProject1\UnitTestProject1.csproj", "{BE89F26F-4E12-4B14-88B0-F87E005E9B34}"
EndProject
Global
	GlobalSection(SolutionConfigurationPlatforms) = preSolution
		Debug|Any CPU = Debug|Any CPU
		Release|Any CPU = Release|Any CPU
	EndGlobalSection
	GlobalSection(ProjectConfigurationPlatforms) = postSolution
		{0235CD9F-9AD4-4C14-84E2-BB99535BCBC0}.Debug|Any CPU.ActiveCfg = Debug|Any CPU
		{0235CD9F-9AD4-4C14-84E2-BB99535BCBC0}.Debug|Any CPU.Build.0 = Debug|Any CPU
		{0235CD9F-9AD4-4C14-84E2-BB99535BCBC0}.Release|Any CPU.ActiveCfg = Release|Any CPU
		{0235CD9F-9AD4-4C14-84E2-BB99535BCBC0}.Release|Any CPU.Build.0 = Release|Any CPU
		{DE0E5A74-AF29-4407-83EF-B2777331C615}.Debug|Any CPU.ActiveCfg = Debug|Any CPU
		{DE0E5A74-AF29-4407-83EF-B2777331C615}.Debug|Any CPU.Build.0 = Debug|Any CPU
		{DE0E5A74-AF29-4407-83EF-B2777331C615}.Release|Any CPU.ActiveCfg = Release|Any CPU
		{DE0E5A74-AF29-4407-83EF-B2777331C615}.Release|Any CPU.Build.0 = Release|Any CPU
		{BE89F26F-4E12-4B14-88B0-F87E005E9B34}.Debug|Any CPU.ActiveCfg = Debug|Any CPU
		{BE89F26F-4E12-4B14-88B0-F87E005E9B34}.Debug|Any CPU.Build.0 = Debug|Any CPU
		{BE89F26F-4E12-4B14-88B0-F87E005E9B34}.Release|Any CPU.ActiveCfg = Release|Any CPU
		{BE89F26F-4E12-4B14-88B0-F87E005E9B34}.Release|Any CPU.Build.0 = Release|Any CPU
	EndGlobalSection
	GlobalSection(SolutionProperties) = preSolution
		HideSolutionNode = FALSE
	EndGlobalSection
	GlobalSection(ExtensibilityGlobals) = postSolution
		SolutionGuid = {E01A1719-BCFF-44BC-8D9F-88370E60D86D}
	EndGlobalSection
EndGlobal
