
Microsoft Visual Studio Solution File, Format Version 12.00
# Visual Studio 15
VisualStudioVersion = 15.0.26730.15
MinimumVisualStudioVersion = 10.0.40219.1
Project("{FAE04EC0-301F-11D3-BF4B-00C04F79EFBC}") = "PassingExamLibrary", "Students\PassingExamLibrary.csproj", "{D8E66583-2BAE-4563-A5EE-0C22BB9665D8}"
EndProject
Project("{FAE04EC0-301F-11D3-BF4B-00C04F79EFBC}") = "PassingExamApp", "PassingExamApp\PassingExamApp.csproj", "{5D32EBA5-44A8-4B45-A29D-A46413F7C78B}"
EndProject
Global
	GlobalSection(SolutionConfigurationPlatforms) = preSolution
		Debug|Any CPU = Debug|Any CPU
		Release|Any CPU = Release|Any CPU
	EndGlobalSection
	GlobalSection(ProjectConfigurationPlatforms) = postSolution
		{D8E66583-2BAE-4563-A5EE-0C22BB9665D8}.Debug|Any CPU.ActiveCfg = Debug|Any CPU
		{D8E66583-2BAE-4563-A5EE-0C22BB9665D8}.Debug|Any CPU.Build.0 = Debug|Any CPU
		{D8E66583-2BAE-4563-A5EE-0C22BB9665D8}.Release|Any CPU.ActiveCfg = Release|Any CPU
		{D8E66583-2BAE-4563-A5EE-0C22BB9665D8}.Release|Any CPU.Build.0 = Release|Any CPU
		{5D32EBA5-44A8-4B45-A29D-A46413F7C78B}.Debug|Any CPU.ActiveCfg = Debug|Any CPU
		{5D32EBA5-44A8-4B45-A29D-A46413F7C78B}.Debug|Any CPU.Build.0 = Debug|Any CPU
		{5D32EBA5-44A8-4B45-A29D-A46413F7C78B}.Release|Any CPU.ActiveCfg = Release|Any CPU
		{5D32EBA5-44A8-4B45-A29D-A46413F7C78B}.Release|Any CPU.Build.0 = Release|Any CPU
	EndGlobalSection
	GlobalSection(SolutionProperties) = preSolution
		HideSolutionNode = FALSE
	EndGlobalSection
	GlobalSection(ExtensibilityGlobals) = postSolution
		SolutionGuid = {E813CD58-80C4-4B8E-94DE-0A7C80EBB040}
	EndGlobalSection
EndGlobal
