
Microsoft Visual Studio Solution File, Format Version 12.00
# Visual Studio 15
VisualStudioVersion = 15.0.26730.15
MinimumVisualStudioVersion = 10.0.40219.1
Project("{FAE04EC0-301F-11D3-BF4B-00C04F79EFBC}") = "Vector", "Vector\Vector.csproj", "{D4A63EAB-1FD4-49D6-AC3C-3E321EFB779B}"
EndProject
Project("{FAE04EC0-301F-11D3-BF4B-00C04F79EFBC}") = "VectorProgramm", "VectorProgramm\VectorProgramm.csproj", "{A8D005C4-D3DC-4767-87EF-65F66C521C69}"
EndProject
Project("{FAE04EC0-301F-11D3-BF4B-00C04F79EFBC}") = "VectorUnitTest", "VectorUnitTest\VectorUnitTest.csproj", "{D1F73581-D010-41FD-8878-2FBC5C4C2D98}"
EndProject
Global
	GlobalSection(SolutionConfigurationPlatforms) = preSolution
		Debug|Any CPU = Debug|Any CPU
		Release|Any CPU = Release|Any CPU
	EndGlobalSection
	GlobalSection(ProjectConfigurationPlatforms) = postSolution
		{D4A63EAB-1FD4-49D6-AC3C-3E321EFB779B}.Debug|Any CPU.ActiveCfg = Debug|Any CPU
		{D4A63EAB-1FD4-49D6-AC3C-3E321EFB779B}.Debug|Any CPU.Build.0 = Debug|Any CPU
		{D4A63EAB-1FD4-49D6-AC3C-3E321EFB779B}.Release|Any CPU.ActiveCfg = Release|Any CPU
		{D4A63EAB-1FD4-49D6-AC3C-3E321EFB779B}.Release|Any CPU.Build.0 = Release|Any CPU
		{A8D005C4-D3DC-4767-87EF-65F66C521C69}.Debug|Any CPU.ActiveCfg = Debug|Any CPU
		{A8D005C4-D3DC-4767-87EF-65F66C521C69}.Debug|Any CPU.Build.0 = Debug|Any CPU
		{A8D005C4-D3DC-4767-87EF-65F66C521C69}.Release|Any CPU.ActiveCfg = Release|Any CPU
		{A8D005C4-D3DC-4767-87EF-65F66C521C69}.Release|Any CPU.Build.0 = Release|Any CPU
		{D1F73581-D010-41FD-8878-2FBC5C4C2D98}.Debug|Any CPU.ActiveCfg = Debug|Any CPU
		{D1F73581-D010-41FD-8878-2FBC5C4C2D98}.Debug|Any CPU.Build.0 = Debug|Any CPU
		{D1F73581-D010-41FD-8878-2FBC5C4C2D98}.Release|Any CPU.ActiveCfg = Release|Any CPU
		{D1F73581-D010-41FD-8878-2FBC5C4C2D98}.Release|Any CPU.Build.0 = Release|Any CPU
	EndGlobalSection
	GlobalSection(SolutionProperties) = preSolution
		HideSolutionNode = FALSE
	EndGlobalSection
	GlobalSection(ExtensibilityGlobals) = postSolution
		SolutionGuid = {1745A16D-F711-4836-B7F9-B91A15E7B9C0}
	EndGlobalSection
EndGlobal
