
Microsoft Visual Studio Solution File, Format Version 12.00
# Visual Studio 15
VisualStudioVersion = 15.0.26730.15
MinimumVisualStudioVersion = 10.0.40219.1
Project("{FAE04EC0-301F-11D3-BF4B-00C04F79EFBC}") = "Product", "Product\Product.csproj", "{C5038231-AC40-4CB7-BAC1-0B3CC2800182}"
EndProject
Project("{FAE04EC0-301F-11D3-BF4B-00C04F79EFBC}") = "ConsoleProgramm", "ConsoleProgramm\ConsoleProgramm.csproj", "{20505D5D-47CB-46E3-A216-0A489C4AD8BA}"
EndProject
Project("{FAE04EC0-301F-11D3-BF4B-00C04F79EFBC}") = "UnitTestProject1", "UnitTestProject1\UnitTestProject1.csproj", "{93A0F70D-B8C8-4CD6-9D1C-1111C11688C4}"
EndProject
Global
	GlobalSection(SolutionConfigurationPlatforms) = preSolution
		Debug|Any CPU = Debug|Any CPU
		Release|Any CPU = Release|Any CPU
	EndGlobalSection
	GlobalSection(ProjectConfigurationPlatforms) = postSolution
		{C5038231-AC40-4CB7-BAC1-0B3CC2800182}.Debug|Any CPU.ActiveCfg = Debug|Any CPU
		{C5038231-AC40-4CB7-BAC1-0B3CC2800182}.Debug|Any CPU.Build.0 = Debug|Any CPU
		{C5038231-AC40-4CB7-BAC1-0B3CC2800182}.Release|Any CPU.ActiveCfg = Release|Any CPU
		{C5038231-AC40-4CB7-BAC1-0B3CC2800182}.Release|Any CPU.Build.0 = Release|Any CPU
		{20505D5D-47CB-46E3-A216-0A489C4AD8BA}.Debug|Any CPU.ActiveCfg = Debug|Any CPU
		{20505D5D-47CB-46E3-A216-0A489C4AD8BA}.Debug|Any CPU.Build.0 = Debug|Any CPU
		{20505D5D-47CB-46E3-A216-0A489C4AD8BA}.Release|Any CPU.ActiveCfg = Release|Any CPU
		{20505D5D-47CB-46E3-A216-0A489C4AD8BA}.Release|Any CPU.Build.0 = Release|Any CPU
		{93A0F70D-B8C8-4CD6-9D1C-1111C11688C4}.Debug|Any CPU.ActiveCfg = Debug|Any CPU
		{93A0F70D-B8C8-4CD6-9D1C-1111C11688C4}.Debug|Any CPU.Build.0 = Debug|Any CPU
		{93A0F70D-B8C8-4CD6-9D1C-1111C11688C4}.Release|Any CPU.ActiveCfg = Release|Any CPU
		{93A0F70D-B8C8-4CD6-9D1C-1111C11688C4}.Release|Any CPU.Build.0 = Release|Any CPU
	EndGlobalSection
	GlobalSection(SolutionProperties) = preSolution
		HideSolutionNode = FALSE
	EndGlobalSection
	GlobalSection(ExtensibilityGlobals) = postSolution
		SolutionGuid = {8CAFF36C-EAE0-48A2-8B48-FA2A28F83441}
	EndGlobalSection
EndGlobal
