
Microsoft Visual Studio Solution File, Format Version 12.00
# Visual Studio 15
VisualStudioVersion = 15.0.26730.15
MinimumVisualStudioVersion = 10.0.40219.1
Project("{FAE04EC0-301F-11D3-BF4B-00C04F79EFBC}") = "StringExtensionApp", "StringExtinsionApp\StringExtensionApp.csproj", "{C24A1B8D-41D5-411D-8F1A-FE63D56DE0FF}"
EndProject
Project("{FAE04EC0-301F-11D3-BF4B-00C04F79EFBC}") = "StringExtensionLibrary", "StringExtensionLibrary\StringExtensionLibrary.csproj", "{86ED40EE-CF63-49A8-B00D-2FA157AB876E}"
EndProject
Global
	GlobalSection(SolutionConfigurationPlatforms) = preSolution
		Debug|Any CPU = Debug|Any CPU
		Release|Any CPU = Release|Any CPU
	EndGlobalSection
	GlobalSection(ProjectConfigurationPlatforms) = postSolution
		{C24A1B8D-41D5-411D-8F1A-FE63D56DE0FF}.Debug|Any CPU.ActiveCfg = Debug|Any CPU
		{C24A1B8D-41D5-411D-8F1A-FE63D56DE0FF}.Debug|Any CPU.Build.0 = Debug|Any CPU
		{C24A1B8D-41D5-411D-8F1A-FE63D56DE0FF}.Release|Any CPU.ActiveCfg = Release|Any CPU
		{C24A1B8D-41D5-411D-8F1A-FE63D56DE0FF}.Release|Any CPU.Build.0 = Release|Any CPU
		{86ED40EE-CF63-49A8-B00D-2FA157AB876E}.Debug|Any CPU.ActiveCfg = Debug|Any CPU
		{86ED40EE-CF63-49A8-B00D-2FA157AB876E}.Debug|Any CPU.Build.0 = Debug|Any CPU
		{86ED40EE-CF63-49A8-B00D-2FA157AB876E}.Release|Any CPU.ActiveCfg = Release|Any CPU
		{86ED40EE-CF63-49A8-B00D-2FA157AB876E}.Release|Any CPU.Build.0 = Release|Any CPU
	EndGlobalSection
	GlobalSection(SolutionProperties) = preSolution
		HideSolutionNode = FALSE
	EndGlobalSection
	GlobalSection(ExtensibilityGlobals) = postSolution
		SolutionGuid = {1FAE64EF-741A-43DA-8F99-6128849AAB74}
	EndGlobalSection
EndGlobal
